
Microsoft Visual Studio Solution File, Format Version 12.00
# Visual Studio 15
VisualStudioVersion = 15.0.27703.2042
MinimumVisualStudioVersion = 10.0.40219.1
Project("{F184B08F-C81C-45F6-A57F-5ABD9991F28F}") = "Hudzik17(AcronymCreator)", "Hudzik17(AcronymCreator)\Hudzik17(AcronymCreator).vbproj", "{F13F2F88-6A74-4358-A741-98173811E656}"
EndProject
Global
	GlobalSection(SolutionConfigurationPlatforms) = preSolution
		Debug|Any CPU = Debug|Any CPU
		Release|Any CPU = Release|Any CPU
	EndGlobalSection
	GlobalSection(ProjectConfigurationPlatforms) = postSolution
		{F13F2F88-6A74-4358-A741-98173811E656}.Debug|Any CPU.ActiveCfg = Debug|Any CPU
		{F13F2F88-6A74-4358-A741-98173811E656}.Debug|Any CPU.Build.0 = Debug|Any CPU
		{F13F2F88-6A74-4358-A741-98173811E656}.Release|Any CPU.ActiveCfg = Release|Any CPU
		{F13F2F88-6A74-4358-A741-98173811E656}.Release|Any CPU.Build.0 = Release|Any CPU
	EndGlobalSection
	GlobalSection(SolutionProperties) = preSolution
		HideSolutionNode = FALSE
	EndGlobalSection
	GlobalSection(ExtensibilityGlobals) = postSolution
		SolutionGuid = {00E5647F-22E3-41C6-842E-9929A79DE541}
	EndGlobalSection
EndGlobal
