
Microsoft Visual Studio Solution File, Format Version 12.00
# Visual Studio 15
VisualStudioVersion = 15.0.27703.2042
MinimumVisualStudioVersion = 10.0.40219.1
Project("{F184B08F-C81C-45F6-A57F-5ABD9991F28F}") = "Hudzik19(LetterCounter)", "Hudzik19(LetterCounter)\Hudzik19(LetterCounter).vbproj", "{7E1D142B-1994-400B-A671-0F09C59A43CA}"
EndProject
Global
	GlobalSection(SolutionConfigurationPlatforms) = preSolution
		Debug|Any CPU = Debug|Any CPU
		Release|Any CPU = Release|Any CPU
	EndGlobalSection
	GlobalSection(ProjectConfigurationPlatforms) = postSolution
		{7E1D142B-1994-400B-A671-0F09C59A43CA}.Debug|Any CPU.ActiveCfg = Debug|Any CPU
		{7E1D142B-1994-400B-A671-0F09C59A43CA}.Debug|Any CPU.Build.0 = Debug|Any CPU
		{7E1D142B-1994-400B-A671-0F09C59A43CA}.Release|Any CPU.ActiveCfg = Release|Any CPU
		{7E1D142B-1994-400B-A671-0F09C59A43CA}.Release|Any CPU.Build.0 = Release|Any CPU
	EndGlobalSection
	GlobalSection(SolutionProperties) = preSolution
		HideSolutionNode = FALSE
	EndGlobalSection
	GlobalSection(ExtensibilityGlobals) = postSolution
		SolutionGuid = {18BB1913-FAD6-423D-89FC-21286BFFBF54}
	EndGlobalSection
EndGlobal
