
Microsoft Visual Studio Solution File, Format Version 12.00
# Visual Studio 15
VisualStudioVersion = 15.0.27703.2042
MinimumVisualStudioVersion = 10.0.40219.1
Project("{F184B08F-C81C-45F6-A57F-5ABD9991F28F}") = "Hudzik8(ChangeMaker)", "Hudzik8(ChangeMaker)\Hudzik8(ChangeMaker).vbproj", "{6D00E88E-85CC-4712-9AFB-10DBEAC77364}"
EndProject
Global
	GlobalSection(SolutionConfigurationPlatforms) = preSolution
		Debug|Any CPU = Debug|Any CPU
		Release|Any CPU = Release|Any CPU
	EndGlobalSection
	GlobalSection(ProjectConfigurationPlatforms) = postSolution
		{6D00E88E-85CC-4712-9AFB-10DBEAC77364}.Debug|Any CPU.ActiveCfg = Debug|Any CPU
		{6D00E88E-85CC-4712-9AFB-10DBEAC77364}.Debug|Any CPU.Build.0 = Debug|Any CPU
		{6D00E88E-85CC-4712-9AFB-10DBEAC77364}.Release|Any CPU.ActiveCfg = Release|Any CPU
		{6D00E88E-85CC-4712-9AFB-10DBEAC77364}.Release|Any CPU.Build.0 = Release|Any CPU
	EndGlobalSection
	GlobalSection(SolutionProperties) = preSolution
		HideSolutionNode = FALSE
	EndGlobalSection
	GlobalSection(ExtensibilityGlobals) = postSolution
		SolutionGuid = {C09641D8-7468-4DF9-9590-4E25DF3EB0B1}
	EndGlobalSection
EndGlobal
